# This file is automatically @generated by Cargo.
# It is not intended for manual editing.
version = 4

[[package]]
name = "host"
version = "0.0.0"

[[package]]
name = "host-protocol"
version = "0.0.0"

[[package]]
name = "native-pty"
version = "0.0.0"

[[package]]
name = "native-updater"
version = "0.0.0"
